# THIS IS AN AUTOGENERATED FILE. DO NOT EDIT THIS FILE DIRECTLY.
# yarn lockfile v1


ansi-regex@^2.0.0:
  version "2.1.1"
  resolved "https://registry.yarnpkg.com/ansi-regex/-/ansi-regex-2.1.1.tgz#c3b33ab5ee360d86e0e628f0468ae7ef27d654df"

ansi-styles@^2.2.1:
  version "2.2.1"
  resolved "https://registry.yarnpkg.com/ansi-styles/-/ansi-styles-2.2.1.tgz#b432dd3358b634cf75e1e4664368240533c1ddbe"

any-promise@^0.1.0:
  version "0.1.0"
  resolved "https://registry.yarnpkg.com/any-promise/-/any-promise-0.1.0.tgz#830b680aa7e56f33451d4b049f3bd8044498ee27"

array-union@^1.0.1:
  version "1.0.2"
  resolved "https://registry.yarnpkg.com/array-union/-/array-union-1.0.2.tgz#9a34410e4f4e3da23dea375be5be70f24778ec39"
  dependencies:
    array-uniq "^1.0.1"

array-uniq@^1.0.1:
  version "1.0.3"
  resolved "https://registry.yarnpkg.com/array-uniq/-/array-uniq-1.0.3.tgz#af6ac877a25cc7f74e058894753858dfdb24fdb6"

autoprefixer@^6.0.0, autoprefixer@^6.0.2:
  version "6.7.7"
  resolved "https://registry.yarnpkg.com/autoprefixer/-/autoprefixer-6.7.7.tgz#1dbd1c835658e35ce3f9984099db00585c782014"
  dependencies:
    browserslist "^1.7.6"
    caniuse-db "^1.0.30000634"
    normalize-range "^0.1.2"
    num2fraction "^1.2.2"
    postcss "^5.2.16"
    postcss-value-parser "^3.2.3"

balanced-match@0.1.0:
  version "0.1.0"
  resolved "https://registry.yarnpkg.com/balanced-match/-/balanced-match-0.1.0.tgz#b504bd05869b39259dd0c5efc35d843176dccc4a"

balanced-match@^0.2.0:
  version "0.2.1"
  resolved "https://registry.yarnpkg.com/balanced-match/-/balanced-match-0.2.1.tgz#7bc658b4bed61eee424ad74f75f5c3e2c4df3cc7"

balanced-match@^0.4.1, balanced-match@^0.4.2:
  version "0.4.2"
  resolved "https://registry.yarnpkg.com/balanced-match/-/balanced-match-0.4.2.tgz#cb3f3e3c732dc0f01ee70b403f302e61d7709838"

brace-expansion@^1.0.0:
  version "1.1.6"
  resolved "https://registry.yarnpkg.com/brace-expansion/-/brace-expansion-1.1.6.tgz#7197d7eaa9b87e648390ea61fc66c84427420df9"
  dependencies:
    balanced-match "^0.4.1"
    concat-map "0.0.1"

browserslist@^1.0.0, browserslist@^1.0.1, browserslist@^1.7.6:
  version "1.7.7"
  resolved "https://registry.yarnpkg.com/browserslist/-/browserslist-1.7.7.tgz#0bd76704258be829b2398bb50e4b62d1a166b0b9"
  dependencies:
    caniuse-db "^1.0.30000639"
    electron-to-chromium "^1.2.7"

camelcase-css@^1.0.1:
  version "1.0.1"
  resolved "https://registry.yarnpkg.com/camelcase-css/-/camelcase-css-1.0.1.tgz#157c4238265f5cf94a1dffde86446552cbf3f705"

caniuse-api@^1.5.3:
  version "1.5.3"
  resolved "https://registry.yarnpkg.com/caniuse-api/-/caniuse-api-1.5.3.tgz#5018e674b51c393e4d50614275dc017e27c4a2a2"
  dependencies:
    browserslist "^1.0.1"
    caniuse-db "^1.0.30000346"
    lodash.memoize "^4.1.0"
    lodash.uniq "^4.3.0"

caniuse-db@^1.0.30000346, caniuse-db@^1.0.30000634, caniuse-db@^1.0.30000639:
  version "1.0.30000646"
  resolved "https://registry.yarnpkg.com/caniuse-db/-/caniuse-db-1.0.30000646.tgz#c724b90d61df24286e015fc528d062073c00def4"

chalk@^1.0.0, chalk@^1.1.1, chalk@^1.1.3:
  version "1.1.3"
  resolved "https://registry.yarnpkg.com/chalk/-/chalk-1.1.3.tgz#a8115c55e4a702fe4d150abd3872822a7e09fc98"
  dependencies:
    ansi-styles "^2.2.1"
    escape-string-regexp "^1.0.2"
    has-ansi "^2.0.0"
    strip-ansi "^3.0.0"
    supports-color "^2.0.0"

clone@^1.0.2:
  version "1.0.2"
  resolved "https://registry.yarnpkg.com/clone/-/clone-1.0.2.tgz#260b7a99ebb1edfe247538175f783243cb19d149"

color-convert@^0.5.3:
  version "0.5.3"
  resolved "https://registry.yarnpkg.com/color-convert/-/color-convert-0.5.3.tgz#bdb6c69ce660fadffe0b0007cc447e1b9f7282bd"

color-convert@^1.3.0:
  version "1.9.0"
  resolved "https://registry.yarnpkg.com/color-convert/-/color-convert-1.9.0.tgz#1accf97dd739b983bf994d56fec8f95853641b7a"
  dependencies:
    color-name "^1.1.1"

color-name@^1.0.0, color-name@^1.1.1:
  version "1.1.2"
  resolved "https://registry.yarnpkg.com/color-name/-/color-name-1.1.2.tgz#5c8ab72b64bd2215d617ae9559ebb148475cf98d"

color-string@^0.3.0:
  version "0.3.0"
  resolved "https://registry.yarnpkg.com/color-string/-/color-string-0.3.0.tgz#27d46fb67025c5c2fa25993bfbf579e47841b991"
  dependencies:
    color-name "^1.0.0"

color@^0.10.1:
  version "0.10.1"
  resolved "https://registry.yarnpkg.com/color/-/color-0.10.1.tgz#c04188df82a209ddebccecdacd3ec320f193739f"
  dependencies:
    color-convert "^0.5.3"
    color-string "^0.3.0"

color@^0.11.0, color@^0.11.3, color@^0.11.4:
  version "0.11.4"
  resolved "https://registry.yarnpkg.com/color/-/color-0.11.4.tgz#6d7b5c74fb65e841cd48792ad1ed5e07b904d764"
  dependencies:
    clone "^1.0.2"
    color-convert "^1.3.0"
    color-string "^0.3.0"

concat-map@0.0.1:
  version "0.0.1"
  resolved "https://registry.yarnpkg.com/concat-map/-/concat-map-0.0.1.tgz#d8a96bd77fd68df7793a73036a3ba0d5405d477b"

css-color-function@^1.2.0:
  version "1.3.0"
  resolved "https://registry.yarnpkg.com/css-color-function/-/css-color-function-1.3.0.tgz#72c767baf978f01b8a8a94f42f17ba5d22a776fc"
  dependencies:
    balanced-match "0.1.0"
    color "^0.11.0"
    debug "~0.7.4"
    rgb "~0.1.0"

css-font-weight-names@^0.2.1:
  version "0.2.1"
  resolved "https://registry.yarnpkg.com/css-font-weight-names/-/css-font-weight-names-0.2.1.tgz#5710d485ad295f6b3f1ceec41f882e324a46b516"

debug@~0.7.4:
  version "0.7.4"
  resolved "https://registry.yarnpkg.com/debug/-/debug-0.7.4.tgz#06e1ea8082c2cb14e39806e22e2f6f757f92af39"

electron-to-chromium@^1.2.7:
  version "1.3.2"
  resolved "https://registry.yarnpkg.com/electron-to-chromium/-/electron-to-chromium-1.3.2.tgz#b8ce5c93b308db0e92f6d0435c46ddec8f6363ab"

escape-string-regexp@^1.0.2:
  version "1.0.5"
  resolved "https://registry.yarnpkg.com/escape-string-regexp/-/escape-string-regexp-1.0.5.tgz#1b61c0562190a8dff6ae3bb2cf0200ca130b86d4"

flatten@^1.0.2:
  version "1.0.2"
  resolved "https://registry.yarnpkg.com/flatten/-/flatten-1.0.2.tgz#dae46a9d78fbe25292258cc1e780a41d95c03782"

fs.realpath@^1.0.0:
  version "1.0.0"
  resolved "https://registry.yarnpkg.com/fs.realpath/-/fs.realpath-1.0.0.tgz#1504ad2523158caa40db4a2787cb01411994ea4f"

gather-stream@^1.0.0:
  version "1.0.0"
  resolved "https://registry.yarnpkg.com/gather-stream/-/gather-stream-1.0.0.tgz#b33994af457a8115700d410f317733cbe7a0904b"

glob@^7.0.3:
  version "7.1.1"
  resolved "https://registry.yarnpkg.com/glob/-/glob-7.1.1.tgz#805211df04faaf1c63a3600306cdf5ade50b2ec8"
  dependencies:
    fs.realpath "^1.0.0"
    inflight "^1.0.4"
    inherits "2"
    minimatch "^3.0.2"
    once "^1.3.0"
    path-is-absolute "^1.0.0"

globby@^6.1.0:
  version "6.1.0"
  resolved "https://registry.yarnpkg.com/globby/-/globby-6.1.0.tgz#f5a6d70e8395e21c858fb0489d64df02424d506c"
  dependencies:
    array-union "^1.0.1"
    glob "^7.0.3"
    object-assign "^4.0.1"
    pify "^2.0.0"
    pinkie-promise "^2.0.0"

has-ansi@^2.0.0:
  version "2.0.0"
  resolved "https://registry.yarnpkg.com/has-ansi/-/has-ansi-2.0.0.tgz#34f5049ce1ecdf2b0649af3ef24e45ed35416d91"
  dependencies:
    ansi-regex "^2.0.0"

has-flag@^1.0.0:
  version "1.0.0"
  resolved "https://registry.yarnpkg.com/has-flag/-/has-flag-1.0.0.tgz#9d9e793165ce017a00f00418c43f942a7b1d11fa"

indexes-of@^1.0.1:
  version "1.0.1"
  resolved "https://registry.yarnpkg.com/indexes-of/-/indexes-of-1.0.1.tgz#f30f716c8e2bd346c7b67d3df3915566a7c05607"

inflight@^1.0.4:
  version "1.0.6"
  resolved "https://registry.yarnpkg.com/inflight/-/inflight-1.0.6.tgz#49bd6331d7d02d0c09bc910a1075ba8165b56df9"
  dependencies:
    once "^1.3.0"
    wrappy "1"

inherits@2:
  version "2.0.3"
  resolved "https://registry.yarnpkg.com/inherits/-/inherits-2.0.3.tgz#633c2c83e3da42a502f52466022480f4208261de"

isnumeric@^0.2.0:
  version "0.2.0"
  resolved "https://registry.yarnpkg.com/isnumeric/-/isnumeric-0.2.0.tgz#a2347ba360de19e33d0ffd590fddf7755cbf2e64"

js-base64@^2.1.9:
  version "2.1.9"
  resolved "https://registry.yarnpkg.com/js-base64/-/js-base64-2.1.9.tgz#f0e80ae039a4bd654b5f281fc93f04a914a7fcce"

laggard@^0.1.0:
  version "0.1.0"
  resolved "https://registry.yarnpkg.com/laggard/-/laggard-0.1.0.tgz#2efd645f7f2d8f3d27ac808039ca86a8ee341075"
  dependencies:
    minimist "^1.2.0"
    pixrem "^3.0.0"
    postcss "^5.0.0"
    postcss-color-rgba-fallback "^2.0.0"
    postcss-opacity "^3.0.0"
    postcss-pseudoelements "^3.0.0"
    postcss-reporter "^1.2.1"
    postcss-vmin "^2.0.0"
    postcss-will-change "^1.0.0"
    read-file-stdin "^0.2.0"
    write-file-stdout "0.0.2"

lodash._reinterpolate@~3.0.0:
  version "3.0.0"
  resolved "https://registry.yarnpkg.com/lodash._reinterpolate/-/lodash._reinterpolate-3.0.0.tgz#0ccf2d89166af03b3663c796538b75ac6e114d9d"

lodash.memoize@^4.1.0:
  version "4.1.2"
  resolved "https://registry.yarnpkg.com/lodash.memoize/-/lodash.memoize-4.1.2.tgz#bcc6c49a42a2840ed997f323eada5ecd182e0bfe"

lodash.template@^4.2.4:
  version "4.4.0"
  resolved "https://registry.yarnpkg.com/lodash.template/-/lodash.template-4.4.0.tgz#e73a0385c8355591746e020b99679c690e68fba0"
  dependencies:
    lodash._reinterpolate "~3.0.0"
    lodash.templatesettings "^4.0.0"

lodash.templatesettings@^4.0.0:
  version "4.1.0"
  resolved "https://registry.yarnpkg.com/lodash.templatesettings/-/lodash.templatesettings-4.1.0.tgz#2b4d4e95ba440d915ff08bc899e4553666713316"
  dependencies:
    lodash._reinterpolate "~3.0.0"

lodash.uniq@^4.3.0:
  version "4.5.0"
  resolved "https://registry.yarnpkg.com/lodash.uniq/-/lodash.uniq-4.5.0.tgz#d0225373aeb652adc1bc82e4945339a842754773"

lodash@^4.1.0, lodash@^4.17.4:
  version "4.17.4"
  resolved "https://registry.yarnpkg.com/lodash/-/lodash-4.17.4.tgz#78203a4d1c328ae1d86dca6460e369b57f4055ae"

log-symbols@^1.0.2:
  version "1.0.2"
  resolved "https://registry.yarnpkg.com/log-symbols/-/log-symbols-1.0.2.tgz#376ff7b58ea3086a0f09facc74617eca501e1a18"
  dependencies:
    chalk "^1.0.0"

math-expression-evaluator@^1.2.14:
  version "1.2.16"
  resolved "https://registry.yarnpkg.com/math-expression-evaluator/-/math-expression-evaluator-1.2.16.tgz#b357fa1ca9faefb8e48d10c14ef2bcb2d9f0a7c9"

minimatch@^3.0.2:
  version "3.0.3"
  resolved "https://registry.yarnpkg.com/minimatch/-/minimatch-3.0.3.tgz#2a4e4090b96b2db06a9d7df01055a62a77c9b774"
  dependencies:
    brace-expansion "^1.0.0"

minimist@^1.1.2, minimist@^1.2.0:
  version "1.2.0"
  resolved "https://registry.yarnpkg.com/minimist/-/minimist-1.2.0.tgz#a35008b20f41383eec1fb914f4cd5df79a264284"

normalize-range@^0.1.2:
  version "0.1.2"
  resolved "https://registry.yarnpkg.com/normalize-range/-/normalize-range-0.1.2.tgz#2d10c06bdfd312ea9777695a4d28439456b75942"

num2fraction@^1.2.2:
  version "1.2.2"
  resolved "https://registry.yarnpkg.com/num2fraction/-/num2fraction-1.2.2.tgz#6f682b6a027a4e9ddfa4564cd2589d1d4e669ede"

object-assign@^4.0.1:
  version "4.1.1"
  resolved "https://registry.yarnpkg.com/object-assign/-/object-assign-4.1.1.tgz#2109adc7965887cfc05cbbd442cac8bfbb360863"

once@^1.3.0:
  version "1.4.0"
  resolved "https://registry.yarnpkg.com/once/-/once-1.4.0.tgz#583b1aa775961d4b113ac17d9c50baef9dd76bd1"
  dependencies:
    wrappy "1"

onecolor@~2.4.0:
  version "2.4.2"
  resolved "https://registry.yarnpkg.com/onecolor/-/onecolor-2.4.2.tgz#a53ec3ff171c3446016dd5210d1a1b544bf7d874"

path-is-absolute@^1.0.0:
  version "1.0.1"
  resolved "https://registry.yarnpkg.com/path-is-absolute/-/path-is-absolute-1.0.1.tgz#174b9268735534ffbc7ace6bf53a5a9e1b5c5f5f"

path-parse@^1.0.5:
  version "1.0.5"
  resolved "https://registry.yarnpkg.com/path-parse/-/path-parse-1.0.5.tgz#3c1adf871ea9cd6c9431b6ea2bd74a0ff055c4c1"

pify@^2.0.0, pify@^2.3.0:
  version "2.3.0"
  resolved "https://registry.yarnpkg.com/pify/-/pify-2.3.0.tgz#ed141a6ac043a849ea588498e7dca8b15330e90c"

pinkie-promise@^2.0.0:
  version "2.0.1"
  resolved "https://registry.yarnpkg.com/pinkie-promise/-/pinkie-promise-2.0.1.tgz#2135d6dfa7a358c069ac9b178776288228450ffa"
  dependencies:
    pinkie "^2.0.0"

pinkie@^2.0.0:
  version "2.0.4"
  resolved "https://registry.yarnpkg.com/pinkie/-/pinkie-2.0.4.tgz#72556b80cfa0d48a974e80e77248e80ed4f7f870"

pixrem@^3.0.0:
  version "3.0.2"
  resolved "https://registry.yarnpkg.com/pixrem/-/pixrem-3.0.2.tgz#30d1bafb4c3bdce8e9bb4bd56a13985619320c34"
  dependencies:
    browserslist "^1.0.0"
    postcss "^5.0.0"
    reduce-css-calc "^1.2.7"

pleeease-filters@^3.0.0:
  version "3.0.1"
  resolved "https://registry.yarnpkg.com/pleeease-filters/-/pleeease-filters-3.0.1.tgz#4dfe0e8f1046613517c64b728bc80608a7ebf22f"
  dependencies:
    onecolor "~2.4.0"
    postcss "^5.0.4"

postcss-advanced-variables@^1.2.2:
  version "1.2.2"
  resolved "https://registry.yarnpkg.com/postcss-advanced-variables/-/postcss-advanced-variables-1.2.2.tgz#90a6213262e66a050a368b4a9c5d4778d72dbd74"
  dependencies:
    postcss "^5.0.10"

postcss-alias@^1.0.0:
  version "1.0.0"
  resolved "https://registry.yarnpkg.com/postcss-alias/-/postcss-alias-1.0.0.tgz#070c61ee1197af6ee5eb75d26adf48899b9d2f7b"
  dependencies:
    postcss "^5.0.0"

postcss-apply@^0.3.0:
  version "0.3.0"
  resolved "https://registry.yarnpkg.com/postcss-apply/-/postcss-apply-0.3.0.tgz#a2f37c5bdfa881e4c15f4f245ec0cd96dd2e70d5"
  dependencies:
    balanced-match "^0.4.1"
    postcss "^5.0.21"

postcss-attribute-case-insensitive@^1.0.1:
  version "1.0.1"
  resolved "https://registry.yarnpkg.com/postcss-attribute-case-insensitive/-/postcss-attribute-case-insensitive-1.0.1.tgz#ceb73777e106167eb233f1938c9bd9f2e697308d"
  dependencies:
    postcss "^5.1.1"
    postcss-selector-parser "^2.2.0"

postcss-calc@^5.0.0:
  version "5.3.1"
  resolved "https://registry.yarnpkg.com/postcss-calc/-/postcss-calc-5.3.1.tgz#77bae7ca928ad85716e2fda42f261bf7c1d65b5e"
  dependencies:
    postcss "^5.0.2"
    postcss-message-helpers "^2.0.0"
    reduce-css-calc "^1.2.6"

postcss-clearfix@^1.0.0:
  version "1.0.0"
  resolved "https://registry.yarnpkg.com/postcss-clearfix/-/postcss-clearfix-1.0.0.tgz#afec6a0e01d25dac36a54adb89ffd4bfe1d219af"
  dependencies:
    postcss "^5.0"

postcss-color-function@^2.0.0:
  version "2.0.1"
  resolved "https://registry.yarnpkg.com/postcss-color-function/-/postcss-color-function-2.0.1.tgz#9ad226f550e8a7c7f8b8a77860545b6dd7f55241"
  dependencies:
    css-color-function "^1.2.0"
    postcss "^5.0.4"
    postcss-message-helpers "^2.0.0"
    postcss-value-parser "^3.3.0"

postcss-color-gray@^3.0.0:
  version "3.0.1"
  resolved "https://registry.yarnpkg.com/postcss-color-gray/-/postcss-color-gray-3.0.1.tgz#74432ede66dd83b1d1363565c68b376e18ff6770"
  dependencies:
    color "^0.11.3"
    postcss "^5.0.4"
    postcss-message-helpers "^2.0.0"
    reduce-function-call "^1.0.1"

postcss-color-hex-alpha@^2.0.0:
  version "2.0.0"
  resolved "https://registry.yarnpkg.com/postcss-color-hex-alpha/-/postcss-color-hex-alpha-2.0.0.tgz#44fd6ecade66028648c881cb6504cdcbfdc6cd09"
  dependencies:
    color "^0.10.1"
    postcss "^5.0.4"
    postcss-message-helpers "^2.0.0"

postcss-color-hsl@^1.0.5:
  version "1.0.5"
  resolved "https://registry.yarnpkg.com/postcss-color-hsl/-/postcss-color-hsl-1.0.5.tgz#f53bb1c348310ce307ad89e3181a864738b5e687"
  dependencies:
    postcss "^5.2.0"
    postcss-value-parser "^3.3.0"
    units-css "^0.4.0"

postcss-color-hwb@^2.0.0:
  version "2.0.1"
  resolved "https://registry.yarnpkg.com/postcss-color-hwb/-/postcss-color-hwb-2.0.1.tgz#d63afaf9b70cb595f900a29c9fe57bf2a32fabec"
  dependencies:
    color "^0.11.4"
    postcss "^5.0.4"
    postcss-message-helpers "^2.0.0"
    reduce-function-call "^1.0.1"

postcss-color-rebeccapurple@^2.0.0:
  version "2.0.1"
  resolved "https://registry.yarnpkg.com/postcss-color-rebeccapurple/-/postcss-color-rebeccapurple-2.0.1.tgz#74c6444e7cbb7d85613b5f7286df7a491608451c"
  dependencies:
    color "^0.11.4"
    postcss "^5.0.4"

postcss-color-rgb@^1.1.4:
  version "1.1.4"
  resolved "https://registry.yarnpkg.com/postcss-color-rgb/-/postcss-color-rgb-1.1.4.tgz#f29243e22e8e8c13434474092372d4ce605be8bc"
  dependencies:
    postcss "^5.2.0"
    postcss-value-parser "^3.3.0"

postcss-color-rgba-fallback@^2.0.0:
  version "2.2.0"
  resolved "https://registry.yarnpkg.com/postcss-color-rgba-fallback/-/postcss-color-rgba-fallback-2.2.0.tgz#6d29491be5990a93173d47e7c76f5810b09402ba"
  dependencies:
    postcss "^5.0.0"
    postcss-value-parser "^3.0.2"
    rgb-hex "^1.0.0"

postcss-cssnext@^2.10.0:
  version "2.10.0"
  resolved "https://registry.yarnpkg.com/postcss-cssnext/-/postcss-cssnext-2.10.0.tgz#30e0dddcfb978eae2523a340aa2c8ba49c5d7103"
  dependencies:
    autoprefixer "^6.0.2"
    caniuse-api "^1.5.3"
    chalk "^1.1.1"
    pixrem "^3.0.0"
    pleeease-filters "^3.0.0"
    postcss "^5.0.4"
    postcss-apply "^0.3.0"
    postcss-attribute-case-insensitive "^1.0.1"
    postcss-calc "^5.0.0"
    postcss-color-function "^2.0.0"
    postcss-color-gray "^3.0.0"
    postcss-color-hex-alpha "^2.0.0"
    postcss-color-hsl "^1.0.5"
    postcss-color-hwb "^2.0.0"
    postcss-color-rebeccapurple "^2.0.0"
    postcss-color-rgb "^1.1.4"
    postcss-color-rgba-fallback "^2.0.0"
    postcss-custom-media "^5.0.0"
    postcss-custom-properties "^5.0.0"
    postcss-custom-selectors "^3.0.0"
    postcss-font-family-system-ui "^1.0.1"
    postcss-font-variant "^2.0.0"
    postcss-initial "^1.3.1"
    postcss-media-minmax "^2.1.0"
    postcss-nesting "^2.0.5"
    postcss-pseudo-class-any-link "^1.0.0"
    postcss-pseudoelements "^3.0.0"
    postcss-replace-overflow-wrap "^1.0.0"
    postcss-selector-matches "^2.0.0"
    postcss-selector-not "^2.0.0"

postcss-custom-media@^5.0.0, postcss-custom-media@^5.0.1:
  version "5.0.1"
  resolved "https://registry.yarnpkg.com/postcss-custom-media/-/postcss-custom-media-5.0.1.tgz#138d25a184bf2eb54de12d55a6c01c30a9d8bd81"
  dependencies:
    postcss "^5.0.0"

postcss-custom-properties@^5.0.0:
  version "5.0.2"
  resolved "https://registry.yarnpkg.com/postcss-custom-properties/-/postcss-custom-properties-5.0.2.tgz#9719d78f2da9cf9f53810aebc23d4656130aceb1"
  dependencies:
    balanced-match "^0.4.2"
    postcss "^5.0.0"

postcss-custom-selectors@^3.0.0:
  version "3.0.0"
  resolved "https://registry.yarnpkg.com/postcss-custom-selectors/-/postcss-custom-selectors-3.0.0.tgz#8f81249f5ed07a8d0917cf6a39fe5b056b7f96ac"
  dependencies:
    balanced-match "^0.2.0"
    postcss "^5.0.0"
    postcss-selector-matches "^2.0.0"

postcss-easings@^0.3.0:
  version "0.3.0"
  resolved "https://registry.yarnpkg.com/postcss-easings/-/postcss-easings-0.3.0.tgz#23dccbf97587e28d5da19c3bae4b50698c5aad5e"
  dependencies:
    postcss "^5.0.2"

postcss-font-family-system-ui@^1.0.1:
  version "1.0.2"
  resolved "https://registry.yarnpkg.com/postcss-font-family-system-ui/-/postcss-font-family-system-ui-1.0.2.tgz#3e1a5e3fb7e31e5e9e71439ccb0e8014556927c7"
  dependencies:
    lodash "^4.17.4"
    postcss "^5.2.12"
    postcss-value-parser "^3.3.0"

postcss-font-variant@^2.0.0:
  version "2.0.1"
  resolved "https://registry.yarnpkg.com/postcss-font-variant/-/postcss-font-variant-2.0.1.tgz#7ca29103f59fa02ca3ace2ca22b2f756853d4ef8"
  dependencies:
    postcss "^5.0.4"

postcss-font-weights@^3.0.1:
  version "3.0.1"
  resolved "https://registry.yarnpkg.com/postcss-font-weights/-/postcss-font-weights-3.0.1.tgz#2a659283ee339ea20766f1d03051460de87f67dc"
  dependencies:
    css-font-weight-names "^0.2.1"
    postcss "^5.2.6"
    postcss-value-parser "^3.3.0"

postcss-fontpath@^0.3.0:
  version "0.3.0"
  resolved "https://registry.yarnpkg.com/postcss-fontpath/-/postcss-fontpath-0.3.0.tgz#28142a79dd18f2c9f0bf5c87f7a3eb794c53929e"
  dependencies:
    object-assign "^4.0.1"
    postcss "^5.0.0"

postcss-hexrgba@^0.2.0:
  version "0.2.1"
  resolved "https://registry.yarnpkg.com/postcss-hexrgba/-/postcss-hexrgba-0.2.1.tgz#5c61abba439c0a38e49e7fbc0b3cd936119ec225"
  dependencies:
    postcss "^5.0.0"

postcss-import@^9.1.0:
  version "9.1.0"
  resolved "https://registry.yarnpkg.com/postcss-import/-/postcss-import-9.1.0.tgz#95fe9876a1e79af49fbdc3589f01fe5aa7cc1e80"
  dependencies:
    object-assign "^4.0.1"
    postcss "^5.0.14"
    postcss-value-parser "^3.2.3"
    promise-each "^2.2.0"
    read-cache "^1.0.0"
    resolve "^1.1.7"

postcss-initial@^1.3.1:
  version "1.5.3"
  resolved "https://registry.yarnpkg.com/postcss-initial/-/postcss-initial-1.5.3.tgz#20c3e91c96822ddb1bed49508db96d56bac377d0"
  dependencies:
    lodash.template "^4.2.4"
    postcss "^5.0.19"

postcss-input-style@^0.3.0:
  version "0.3.0"
  resolved "https://registry.yarnpkg.com/postcss-input-style/-/postcss-input-style-0.3.0.tgz#e3b4fdb0aa441bed1930cbb44d8ad5634cf38540"
  dependencies:
    postcss "^5.0.0"

postcss-js@^0.2.0:
  version "0.2.0"
  resolved "https://registry.yarnpkg.com/postcss-js/-/postcss-js-0.2.0.tgz#56e6db0cd910a6dffec3dfb34462693ac72e3882"
  dependencies:
    camelcase-css "^1.0.1"
    postcss "^5.2.6"

postcss-media-minmax@^2.1.0:
  version "2.1.2"
  resolved "https://registry.yarnpkg.com/postcss-media-minmax/-/postcss-media-minmax-2.1.2.tgz#444c5cf8926ab5e4fd8a2509e9297e751649cdf8"
  dependencies:
    postcss "^5.0.4"

postcss-message-helpers@^2.0.0:
  version "2.0.0"
  resolved "https://registry.yarnpkg.com/postcss-message-helpers/-/postcss-message-helpers-2.0.0.tgz#a4f2f4fab6e4fe002f0aed000478cdf52f9ba60e"

postcss-mixins@^5.4.1:
  version "5.4.1"
  resolved "https://registry.yarnpkg.com/postcss-mixins/-/postcss-mixins-5.4.1.tgz#004c0acc54328b86bbcb3471f9eb3b52ed70f4a8"
  dependencies:
    globby "^6.1.0"
    postcss "^5.2.6"
    postcss-js "^0.2.0"
    postcss-simple-vars "^3.0.0"
    sugarss "^0.2.0"

postcss-nested@^1.0.0:
  version "1.0.0"
  resolved "https://registry.yarnpkg.com/postcss-nested/-/postcss-nested-1.0.0.tgz#d136bd4b576bd5632df142c12b2198a9ccf794df"
  dependencies:
    postcss "^5.0.2"

postcss-nesting@^2.0.5:
  version "2.3.1"
  resolved "https://registry.yarnpkg.com/postcss-nesting/-/postcss-nesting-2.3.1.tgz#94a6b6a4ef707fbec20a87fee5c957759b4e01cf"
  dependencies:
    postcss "^5.0.19"

postcss-opacity@^3.0.0:
  version "3.0.0"
  resolved "https://registry.yarnpkg.com/postcss-opacity/-/postcss-opacity-3.0.0.tgz#7879bcc734405bf74aa6c81c391762052fc55b29"
  dependencies:
    postcss "^5.0.4"

postcss-opacity@^4.0.0:
  version "4.0.0"
  resolved "https://registry.yarnpkg.com/postcss-opacity/-/postcss-opacity-4.0.0.tgz#aa562043da3394c94a3acedcf43f0c323d0986a1"
  dependencies:
    postcss "^5.0.4"

postcss-position@^0.5.0:
  version "0.5.0"
  resolved "https://registry.yarnpkg.com/postcss-position/-/postcss-position-0.5.0.tgz#8653d4f0b84ffb07e544fb7f7eae08c6551b73a0"
  dependencies:
    postcss "^5.0.0"

postcss-pseudo-class-any-link@^1.0.0:
  version "1.0.0"
  resolved "https://registry.yarnpkg.com/postcss-pseudo-class-any-link/-/postcss-pseudo-class-any-link-1.0.0.tgz#903239196401d335fe73ac756186fa62e693af26"
  dependencies:
    postcss "^5.0.3"
    postcss-selector-parser "^1.1.4"

postcss-pseudoelements@^3.0.0:
  version "3.0.0"
  resolved "https://registry.yarnpkg.com/postcss-pseudoelements/-/postcss-pseudoelements-3.0.0.tgz#6c682177c7900ba053b6df17f8c590284c7b8bbc"
  dependencies:
    postcss "^5.0.4"

postcss-quantity-queries@^0.4.0:
  version "0.4.0"
  resolved "https://registry.yarnpkg.com/postcss-quantity-queries/-/postcss-quantity-queries-0.4.0.tgz#be1370a7be9312a173639c0869aa4210244f86ce"
  dependencies:
    balanced-match "^0.2.0"
    postcss "^5.0.4"

postcss-replace-overflow-wrap@^1.0.0:
  version "1.0.0"
  resolved "https://registry.yarnpkg.com/postcss-replace-overflow-wrap/-/postcss-replace-overflow-wrap-1.0.0.tgz#f0a03b31eab9636a6936bfd210e2aef1b434a643"
  dependencies:
    postcss "^5.0.16"

postcss-reporter@^1.2.1:
  version "1.4.1"
  resolved "https://registry.yarnpkg.com/postcss-reporter/-/postcss-reporter-1.4.1.tgz#c136f0a5b161915f379dd3765c61075f7e7b9af2"
  dependencies:
    chalk "^1.0.0"
    lodash "^4.1.0"
    log-symbols "^1.0.2"
    postcss "^5.0.0"

postcss-reporter@^2.0.0:
  version "2.0.0"
  resolved "https://registry.yarnpkg.com/postcss-reporter/-/postcss-reporter-2.0.0.tgz#d25e74ba7fce911e2aa72ec1ae592fade6ec3671"
  dependencies:
    chalk "^1.0.0"
    lodash "^4.1.0"
    log-symbols "^1.0.2"
    postcss "^5.0.0"

postcss-responsive-type@^0.5.0:
  version "0.5.1"
  resolved "https://registry.yarnpkg.com/postcss-responsive-type/-/postcss-responsive-type-0.5.1.tgz#274133bc046359e542a58bbc621847d040fd10e6"
  dependencies:
    postcss "^5.0.0"

postcss-selector-matches@^2.0.0:
  version "2.0.5"
  resolved "https://registry.yarnpkg.com/postcss-selector-matches/-/postcss-selector-matches-2.0.5.tgz#fa0f43be57b68e77aa4cd11807023492a131027f"
  dependencies:
    balanced-match "^0.4.2"
    postcss "^5.0.0"

postcss-selector-not@^2.0.0:
  version "2.0.0"
  resolved "https://registry.yarnpkg.com/postcss-selector-not/-/postcss-selector-not-2.0.0.tgz#c73ad21a3f75234bee7fee269e154fd6a869798d"
  dependencies:
    balanced-match "^0.2.0"
    postcss "^5.0.0"

postcss-selector-parser@^1.1.4:
  version "1.3.3"
  resolved "https://registry.yarnpkg.com/postcss-selector-parser/-/postcss-selector-parser-1.3.3.tgz#d2ee19df7a64f8ef21c1a71c86f7d4835c88c281"
  dependencies:
    flatten "^1.0.2"
    indexes-of "^1.0.1"
    uniq "^1.0.1"

postcss-selector-parser@^2.2.0:
  version "2.2.3"
  resolved "https://registry.yarnpkg.com/postcss-selector-parser/-/postcss-selector-parser-2.2.3.tgz#f9437788606c3c9acee16ffe8d8b16297f27bb90"
  dependencies:
    flatten "^1.0.2"
    indexes-of "^1.0.1"
    uniq "^1.0.1"

postcss-short-border-radius@^1.0.1:
  version "1.0.1"
  resolved "https://registry.yarnpkg.com/postcss-short-border-radius/-/postcss-short-border-radius-1.0.1.tgz#72760dff743d1d417a3572b41fd95b591d7b0c63"
  dependencies:
    postcss "^5.2.6"

postcss-short-border@^2.0.1:
  version "2.0.1"
  resolved "https://registry.yarnpkg.com/postcss-short-border/-/postcss-short-border-2.0.1.tgz#17f716c1357b60cd302fdc2cc9031b0a9424e7a7"
  dependencies:
    postcss "^5.2.6"
    postcss-value-parser "^3.3.0"

postcss-short-color@^2.0.1:
  version "2.0.1"
  resolved "https://registry.yarnpkg.com/postcss-short-color/-/postcss-short-color-2.0.1.tgz#8fc04e5629af0131d513765a7dd2e7a353c9b9e9"
  dependencies:
    postcss "^5.2.6"

postcss-short-font-size@^3.0.1:
  version "3.0.1"
  resolved "https://registry.yarnpkg.com/postcss-short-font-size/-/postcss-short-font-size-3.0.1.tgz#ce8de2b94e349c9e9d824a1dfdec3bd6ae14ee4f"
  dependencies:
    postcss "^5.2.6"

postcss-short-position@^2.0.1:
  version "2.0.1"
  resolved "https://registry.yarnpkg.com/postcss-short-position/-/postcss-short-position-2.0.1.tgz#eeb90bd4270a167a2f3f74396bd6337652427b1b"
  dependencies:
    postcss "^5.2.6"

postcss-short-size@^2.0.1:
  version "2.0.1"
  resolved "https://registry.yarnpkg.com/postcss-short-size/-/postcss-short-size-2.0.1.tgz#39b14b6cf7940f88fd128db88bc0a6c2df868ef0"
  dependencies:
    postcss "^5.2.6"

postcss-short-spacing@^2.0.1:
  version "2.0.1"
  resolved "https://registry.yarnpkg.com/postcss-short-spacing/-/postcss-short-spacing-2.0.1.tgz#abeb9fc10bb18b6cb0ad027fac85bb30374efe79"
  dependencies:
    postcss "^5.2.6"

postcss-short@^3.0.3:
  version "3.0.3"
  resolved "https://registry.yarnpkg.com/postcss-short/-/postcss-short-3.0.3.tgz#e3804218f45464320ee07489af5ab3e1c3b94c56"
  dependencies:
    postcss "^5.2.6"
    postcss-font-weights "^3.0.1"
    postcss-short-border "^2.0.1"
    postcss-short-border-radius "^1.0.1"
    postcss-short-color "^2.0.1"
    postcss-short-font-size "^3.0.1"
    postcss-short-position "^2.0.1"
    postcss-short-size "^2.0.1"
    postcss-short-spacing "^2.0.1"

postcss-simple-vars@^3.0.0:
  version "3.1.0"
  resolved "https://registry.yarnpkg.com/postcss-simple-vars/-/postcss-simple-vars-3.1.0.tgz#62c0657214ef1f43a3c5893ade89de414f31b6ff"
  dependencies:
    postcss "^5.2.16"

postcss-value-parser@^3.0.2, postcss-value-parser@^3.2.3, postcss-value-parser@^3.3.0:
  version "3.3.0"
  resolved "https://registry.yarnpkg.com/postcss-value-parser/-/postcss-value-parser-3.3.0.tgz#87f38f9f18f774a4ab4c8a232f5c5ce8872a9d15"

postcss-vmin@^2.0.0:
  version "2.0.0"
  resolved "https://registry.yarnpkg.com/postcss-vmin/-/postcss-vmin-2.0.0.tgz#5327c21191371256868fd7a739917f1474d57fee"
  dependencies:
    postcss "^5.0.0"

postcss-will-change@^1.0.0:
  version "1.1.0"
  resolved "https://registry.yarnpkg.com/postcss-will-change/-/postcss-will-change-1.1.0.tgz#a651dd5a81e82c412d39a6cf90a92bb3269af18c"
  dependencies:
    postcss "^5.0.16"

postcss@^5.0, postcss@^5.0.0, postcss@^5.0.10, postcss@^5.0.14, postcss@^5.0.16, postcss@^5.0.19, postcss@^5.0.2, postcss@^5.0.21, postcss@^5.0.3, postcss@^5.0.4, postcss@^5.1.1, postcss@^5.2.0, postcss@^5.2.12, postcss@^5.2.16, postcss@^5.2.4, postcss@^5.2.6:
  version "5.2.16"
  resolved "https://registry.yarnpkg.com/postcss/-/postcss-5.2.16.tgz#732b3100000f9ff8379a48a53839ed097376ad57"
  dependencies:
    chalk "^1.1.3"
    js-base64 "^2.1.9"
    source-map "^0.5.6"
    supports-color "^3.2.3"

promise-each@^2.2.0:
  version "2.2.0"
  resolved "https://registry.yarnpkg.com/promise-each/-/promise-each-2.2.0.tgz#3353174eff2694481037e04e01f77aa0fb6d1b60"
  dependencies:
    any-promise "^0.1.0"

read-cache@^1.0.0:
  version "1.0.0"
  resolved "https://registry.yarnpkg.com/read-cache/-/read-cache-1.0.0.tgz#e664ef31161166c9751cdbe8dbcf86b5fb58f774"
  dependencies:
    pify "^2.3.0"

read-file-stdin@^0.2.0:
  version "0.2.1"
  resolved "https://registry.yarnpkg.com/read-file-stdin/-/read-file-stdin-0.2.1.tgz#25eccff3a153b6809afacb23ee15387db9e0ee61"
  dependencies:
    gather-stream "^1.0.0"

reduce-css-calc@^1.2.6, reduce-css-calc@^1.2.7:
  version "1.3.0"
  resolved "https://registry.yarnpkg.com/reduce-css-calc/-/reduce-css-calc-1.3.0.tgz#747c914e049614a4c9cfbba629871ad1d2927716"
  dependencies:
    balanced-match "^0.4.2"
    math-expression-evaluator "^1.2.14"
    reduce-function-call "^1.0.1"

reduce-function-call@^1.0.1:
  version "1.0.2"
  resolved "https://registry.yarnpkg.com/reduce-function-call/-/reduce-function-call-1.0.2.tgz#5a200bf92e0e37751752fe45b0ab330fd4b6be99"
  dependencies:
    balanced-match "^0.4.2"

resolve@^1.1.7:
  version "1.3.2"
  resolved "https://registry.yarnpkg.com/resolve/-/resolve-1.3.2.tgz#1f0442c9e0cbb8136e87b9305f932f46c7f28235"
  dependencies:
    path-parse "^1.0.5"

rgb-hex@^1.0.0:
  version "1.0.0"
  resolved "https://registry.yarnpkg.com/rgb-hex/-/rgb-hex-1.0.0.tgz#bfaf8cd9cd9164b5a26d71eb4f15a0965324b3c1"

rgb@~0.1.0:
  version "0.1.0"
  resolved "https://registry.yarnpkg.com/rgb/-/rgb-0.1.0.tgz#be27b291e8feffeac1bd99729721bfa40fc037b5"

rucksack-css@^0.9.1:
  version "0.9.1"
  resolved "https://registry.yarnpkg.com/rucksack-css/-/rucksack-css-0.9.1.tgz#da7eba4c67bd05b00cbf4c834305c5fe55375de1"
  dependencies:
    autoprefixer "^6.0.0"
    laggard "^0.1.0"
    minimist "^1.1.2"
    postcss "^5.0.0"
    postcss-alias "^1.0.0"
    postcss-clearfix "^1.0.0"
    postcss-color-rgba-fallback "^2.0.0"
    postcss-easings "^0.3.0"
    postcss-fontpath "^0.3.0"
    postcss-hexrgba "^0.2.0"
    postcss-input-style "^0.3.0"
    postcss-opacity "^4.0.0"
    postcss-position "^0.5.0"
    postcss-pseudoelements "^3.0.0"
    postcss-quantity-queries "^0.4.0"
    postcss-reporter "^2.0.0"
    postcss-responsive-type "^0.5.0"
    postcss-vmin "^2.0.0"
    read-file-stdin "^0.2.0"
    write-file-stdout "^0.0.2"

source-map@^0.5.6:
  version "0.5.6"
  resolved "https://registry.yarnpkg.com/source-map/-/source-map-0.5.6.tgz#75ce38f52bf0733c5a7f0c118d81334a2bb5f412"

strip-ansi@^3.0.0:
  version "3.0.1"
  resolved "https://registry.yarnpkg.com/strip-ansi/-/strip-ansi-3.0.1.tgz#6a385fb8853d952d5ff05d0e8aaf94278dc63dcf"
  dependencies:
    ansi-regex "^2.0.0"

sugarss@^0.2.0:
  version "0.2.0"
  resolved "https://registry.yarnpkg.com/sugarss/-/sugarss-0.2.0.tgz#ac34237563327c6ff897b64742bf6aec190ad39e"
  dependencies:
    postcss "^5.2.4"

supports-color@^2.0.0:
  version "2.0.0"
  resolved "https://registry.yarnpkg.com/supports-color/-/supports-color-2.0.0.tgz#535d045ce6b6363fa40117084629995e9df324c7"

supports-color@^3.2.3:
  version "3.2.3"
  resolved "https://registry.yarnpkg.com/supports-color/-/supports-color-3.2.3.tgz#65ac0504b3954171d8a64946b2ae3cbb8a5f54f6"
  dependencies:
    has-flag "^1.0.0"

uniq@^1.0.1:
  version "1.0.1"
  resolved "https://registry.yarnpkg.com/uniq/-/uniq-1.0.1.tgz#b31c5ae8254844a3a8281541ce2b04b865a734ff"

units-css@^0.4.0:
  version "0.4.0"
  resolved "https://registry.yarnpkg.com/units-css/-/units-css-0.4.0.tgz#d6228653a51983d7c16ff28f8b9dc3b1ffed3a07"
  dependencies:
    isnumeric "^0.2.0"
    viewport-dimensions "^0.2.0"

viewport-dimensions@^0.2.0:
  version "0.2.0"
  resolved "https://registry.yarnpkg.com/viewport-dimensions/-/viewport-dimensions-0.2.0.tgz#de740747db5387fd1725f5175e91bac76afdf36c"

wrappy@1:
  version "1.0.2"
  resolved "https://registry.yarnpkg.com/wrappy/-/wrappy-1.0.2.tgz#b5243d8f3ec1aa35f1364605bc0d1036e30ab69f"

write-file-stdout@0.0.2, write-file-stdout@^0.0.2:
  version "0.0.2"
  resolved "https://registry.yarnpkg.com/write-file-stdout/-/write-file-stdout-0.0.2.tgz#c252d7c7c5b1b402897630e3453c7bfe690d9ca1"
